
Microsoft Visual Studio Solution File, Format Version 12.00
# Visual Studio 15
VisualStudioVersion = 15.0.28307.329
MinimumVisualStudioVersion = 10.0.40219.1
Project("{FAE04EC0-301F-11D3-BF4B-00C04F79EFBC}") = "WebProjectTickets", "WebProjectTickets\WebProjectTickets.csproj", "{E63DCCFF-A101-4636-8B6D-1F331A7F1151}"
EndProject
Project("{FAE04EC0-301F-11D3-BF4B-00C04F79EFBC}") = "BLL", "BLL\BLL.csproj", "{D473893A-D782-4046-B529-592B59B407E9}"
EndProject
Global
	GlobalSection(SolutionConfigurationPlatforms) = preSolution
		Debug|Any CPU = Debug|Any CPU
		Release|Any CPU = Release|Any CPU
	EndGlobalSection
	GlobalSection(ProjectConfigurationPlatforms) = postSolution
		{E63DCCFF-A101-4636-8B6D-1F331A7F1151}.Debug|Any CPU.ActiveCfg = Debug|Any CPU
		{E63DCCFF-A101-4636-8B6D-1F331A7F1151}.Debug|Any CPU.Build.0 = Debug|Any CPU
		{E63DCCFF-A101-4636-8B6D-1F331A7F1151}.Release|Any CPU.ActiveCfg = Release|Any CPU
		{E63DCCFF-A101-4636-8B6D-1F331A7F1151}.Release|Any CPU.Build.0 = Release|Any CPU
		{D473893A-D782-4046-B529-592B59B407E9}.Debug|Any CPU.ActiveCfg = Debug|Any CPU
		{D473893A-D782-4046-B529-592B59B407E9}.Debug|Any CPU.Build.0 = Debug|Any CPU
		{D473893A-D782-4046-B529-592B59B407E9}.Release|Any CPU.ActiveCfg = Release|Any CPU
		{D473893A-D782-4046-B529-592B59B407E9}.Release|Any CPU.Build.0 = Release|Any CPU
	EndGlobalSection
	GlobalSection(SolutionProperties) = preSolution
		HideSolutionNode = FALSE
	EndGlobalSection
	GlobalSection(ExtensibilityGlobals) = postSolution
		SolutionGuid = {48974F4B-2176-4F0D-82B3-4472B7A2156B}
	EndGlobalSection
EndGlobal
